
Microsoft Visual Studio Solution File, Format Version 12.00
Project("{FAE04EC0-301F-11D3-BF4B-00C04F79EFBC}") = "Energizet.Box.Web", "Energizet.Box.Web\Energizet.Box.Web.csproj", "{C04F9BB4-3ACB-40C6-AC34-C94CFFF250DB}"
EndProject
Global
	GlobalSection(SolutionConfigurationPlatforms) = preSolution
		Debug|Any CPU = Debug|Any CPU
		Release|Any CPU = Release|Any CPU
	EndGlobalSection
	GlobalSection(ProjectConfigurationPlatforms) = postSolution
		{C04F9BB4-3ACB-40C6-AC34-C94CFFF250DB}.Debug|Any CPU.ActiveCfg = Debug|Any CPU
		{C04F9BB4-3ACB-40C6-AC34-C94CFFF250DB}.Debug|Any CPU.Build.0 = Debug|Any CPU
		{C04F9BB4-3ACB-40C6-AC34-C94CFFF250DB}.Release|Any CPU.ActiveCfg = Release|Any CPU
		{C04F9BB4-3ACB-40C6-AC34-C94CFFF250DB}.Release|Any CPU.Build.0 = Release|Any CPU
	EndGlobalSection
EndGlobal
